// !$*UTF8*$!
{
	archiveVersion = 1;
	classes = {
	};
	objectVersion = 46;
	objects = {

/* Begin PBXBuildFile section */
		904AEC231C0C801500C23945 /* UIKit.framework in Frameworks */ = {isa = PBXBuildFile; fileRef = 904AEC221C0C801500C23945 /* UIKit.framework */; };
		904AEC251C0C802000C23945 /* Foundation.framework in Frameworks */ = {isa = PBXBuildFile; fileRef = 904AEC241C0C801F00C23945 /* Foundation.framework */; };
		904AEC271C0C802D00C23945 /* CoreGraphics.framework in Frameworks */ = {isa = PBXBuildFile; fileRef = 904AEC261C0C802D00C23945 /* CoreGraphics.framework */; };
		904AEC291C0C803B00C23945 /* QuartzCore.framework in Frameworks */ = {isa = PBXBuildFile; fileRef = 904AEC281C0C803B00C23945 /* QuartzCore.framework */; };
		904AEC2B1C0C804900C23945 /* ImageIO.framework in Frameworks */ = {isa = PBXBuildFile; fileRef = 904AEC2A1C0C804900C23945 /* ImageIO.framework */; };
		904AEC2D1C0C805C00C23945 /* MessageUI.framework in Frameworks */ = {isa = PBXBuildFile; fileRef = 904AEC2C1C0C805C00C23945 /* MessageUI.framework */; };
		904AEC311C0C82B000C23945 /* paypaking - booking-v1.pdf in Resources */ = {isa = PBXBuildFile; fileRef = 904AEC2F1C0C82B000C23945 /* paypaking - booking-v1.pdf */; };
		904AEC321C0C82B000C23945 /* Specifications EDIT.pdf in Resources */ = {isa = PBXBuildFile; fileRef = 904AEC301C0C82B000C23945 /* Specifications EDIT.pdf */; };
		904AEC361C0C892E00C23945 /* 5. Annotations.pdf in Resources */ = {isa = PBXBuildFile; fileRef = 904AEC351C0C892E00C23945 /* 5. Annotations.pdf */; };
		904AEC391C0C932E00C23945 /* FileIconCell.swift in Sources */ = {isa = PBXBuildFile; fileRef = 904AEC381C0C932E00C23945 /* FileIconCell.swift */; };
		90A380351C0C2FC400959AEF /* Main.storyboard in Resources */ = {isa = PBXBuildFile; fileRef = 90A380331C0C2FC400959AEF /* Main.storyboard */; };
		90A380371C0C2FC400959AEF /* Assets.xcassets in Resources */ = {isa = PBXBuildFile; fileRef = 90A380361C0C2FC400959AEF /* Assets.xcassets */; };
		90A3803A1C0C2FC400959AEF /* LaunchScreen.storyboard in Resources */ = {isa = PBXBuildFile; fileRef = 90A380381C0C2FC400959AEF /* LaunchScreen.storyboard */; };
		90A380451C0C2FC400959AEF /* PDFReaderTutTests.swift in Sources */ = {isa = PBXBuildFile; fileRef = 90A380441C0C2FC400959AEF /* PDFReaderTutTests.swift */; };
		90A380501C0C2FC400959AEF /* PDFReaderTutUITests.swift in Sources */ = {isa = PBXBuildFile; fileRef = 90A3804F1C0C2FC400959AEF /* PDFReaderTutUITests.swift */; };
		90A380601C0C30BF00959AEF /* ReaderPDFViewController.swift in Sources */ = {isa = PBXBuildFile; fileRef = 90A3805F1C0C30BF00959AEF /* ReaderPDFViewController.swift */; };
		90A380631C0C318600959AEF /* AppDelegate.swift in Sources */ = {isa = PBXBuildFile; fileRef = 90A380621C0C318600959AEF /* AppDelegate.swift */; };
		90A3808F1C0C576600959AEF /* CGPDFDocument.m in Sources */ = {isa = PBXBuildFile; fileRef = 90A380681C0C576600959AEF /* CGPDFDocument.m */; };
		90A380901C0C576600959AEF /* ReaderConstants.m in Sources */ = {isa = PBXBuildFile; fileRef = 90A3806A1C0C576600959AEF /* ReaderConstants.m */; };
		90A380911C0C576600959AEF /* ReaderContentPage.m in Sources */ = {isa = PBXBuildFile; fileRef = 90A3806C1C0C576600959AEF /* ReaderContentPage.m */; };
		90A380921C0C576600959AEF /* ReaderContentTile.m in Sources */ = {isa = PBXBuildFile; fileRef = 90A3806E1C0C576600959AEF /* ReaderContentTile.m */; };
		90A380931C0C576600959AEF /* ReaderContentView.m in Sources */ = {isa = PBXBuildFile; fileRef = 90A380701C0C576600959AEF /* ReaderContentView.m */; };
		90A380941C0C576600959AEF /* ReaderDocument.m in Sources */ = {isa = PBXBuildFile; fileRef = 90A380721C0C576600959AEF /* ReaderDocument.m */; };
		90A380951C0C576600959AEF /* ReaderDocumentOutline.m in Sources */ = {isa = PBXBuildFile; fileRef = 90A380741C0C576600959AEF /* ReaderDocumentOutline.m */; };
		90A380961C0C576600959AEF /* ReaderMainPagebar.m in Sources */ = {isa = PBXBuildFile; fileRef = 90A380761C0C576600959AEF /* ReaderMainPagebar.m */; };
		90A380971C0C576600959AEF /* ReaderMainToolbar.m in Sources */ = {isa = PBXBuildFile; fileRef = 90A380781C0C576600959AEF /* ReaderMainToolbar.m */; };
		90A380981C0C576600959AEF /* ReaderThumbCache.m in Sources */ = {isa = PBXBuildFile; fileRef = 90A3807A1C0C576600959AEF /* ReaderThumbCache.m */; };
		90A380991C0C576600959AEF /* ReaderThumbFetch.m in Sources */ = {isa = PBXBuildFile; fileRef = 90A3807C1C0C576600959AEF /* ReaderThumbFetch.m */; };
		90A3809A1C0C576600959AEF /* ReaderThumbQueue.m in Sources */ = {isa = PBXBuildFile; fileRef = 90A3807E1C0C576600959AEF /* ReaderThumbQueue.m */; };
		90A3809B1C0C576600959AEF /* ReaderThumbRender.m in Sources */ = {isa = PBXBuildFile; fileRef = 90A380801C0C576600959AEF /* ReaderThumbRender.m */; };
		90A3809C1C0C576600959AEF /* ReaderThumbRequest.m in Sources */ = {isa = PBXBuildFile; fileRef = 90A380821C0C576600959AEF /* ReaderThumbRequest.m */; };
		90A3809D1C0C576600959AEF /* ReaderThumbsView.m in Sources */ = {isa = PBXBuildFile; fileRef = 90A380841C0C576600959AEF /* ReaderThumbsView.m */; };
		90A3809E1C0C576600959AEF /* ReaderThumbView.m in Sources */ = {isa = PBXBuildFile; fileRef = 90A380861C0C576600959AEF /* ReaderThumbView.m */; };
		90A3809F1C0C576600959AEF /* ReaderViewController.m in Sources */ = {isa = PBXBuildFile; fileRef = 90A380881C0C576600959AEF /* ReaderViewController.m */; };
		90A380A01C0C576600959AEF /* ThumbsMainToolbar.m in Sources */ = {isa = PBXBuildFile; fileRef = 90A3808A1C0C576600959AEF /* ThumbsMainToolbar.m */; };
		90A380A11C0C576600959AEF /* ThumbsViewController.m in Sources */ = {isa = PBXBuildFile; fileRef = 90A3808C1C0C576600959AEF /* ThumbsViewController.m */; };
		90A380A21C0C576600959AEF /* UIXToolbarView.m in Sources */ = {isa = PBXBuildFile; fileRef = 90A3808E1C0C576600959AEF /* UIXToolbarView.m */; };
		90CAEE451C0DD53F00AA7693 /* DetailViewController.swift in Sources */ = {isa = PBXBuildFile; fileRef = 90CAEE441C0DD53F00AA7693 /* DetailViewController.swift */; };
/* End PBXBuildFile section */

/* Begin PBXContainerItemProxy section */
		90A380411C0C2FC400959AEF /* PBXContainerItemProxy */ = {
			isa = PBXContainerItemProxy;
			containerPortal = 90A380241C0C2FC300959AEF /* Project object */;
			proxyType = 1;
			remoteGlobalIDString = 90A3802B1C0C2FC300959AEF;
			remoteInfo = PDFReaderTut;
		};
		90A3804C1C0C2FC400959AEF /* PBXContainerItemProxy */ = {
			isa = PBXContainerItemProxy;
			containerPortal = 90A380241C0C2FC300959AEF /* Project object */;
			proxyType = 1;
			remoteGlobalIDString = 90A3802B1C0C2FC300959AEF;
			remoteInfo = PDFReaderTut;
		};
/* End PBXContainerItemProxy section */

/* Begin PBXFileReference section */
		904AEC221C0C801500C23945 /* UIKit.framework */ = {isa = PBXFileReference; lastKnownFileType = wrapper.framework; name = UIKit.framework; path = System/Library/Frameworks/UIKit.framework; sourceTree = SDKROOT; };
		904AEC241C0C801F00C23945 /* Foundation.framework */ = {isa = PBXFileReference; lastKnownFileType = wrapper.framework; name = Foundation.framework; path = System/Library/Frameworks/Foundation.framework; sourceTree = SDKROOT; };
		904AEC261C0C802D00C23945 /* CoreGraphics.framework */ = {isa = PBXFileReference; lastKnownFileType = wrapper.framework; name = CoreGraphics.framework; path = System/Library/Frameworks/CoreGraphics.framework; sourceTree = SDKROOT; };
		904AEC281C0C803B00C23945 /* QuartzCore.framework */ = {isa = PBXFileReference; lastKnownFileType = wrapper.framework; name = QuartzCore.framework; path = System/Library/Frameworks/QuartzCore.framework; sourceTree = SDKROOT; };
		904AEC2A1C0C804900C23945 /* ImageIO.framework */ = {isa = PBXFileReference; lastKnownFileType = wrapper.framework; name = ImageIO.framework; path = System/Library/Frameworks/ImageIO.framework; sourceTree = SDKROOT; };
		904AEC2C1C0C805C00C23945 /* MessageUI.framework */ = {isa = PBXFileReference; lastKnownFileType = wrapper.framework; name = MessageUI.framework; path = System/Library/Frameworks/MessageUI.framework; sourceTree = SDKROOT; };
		904AEC2F1C0C82B000C23945 /* paypaking - booking-v1.pdf */ = {isa = PBXFileReference; lastKnownFileType = image.pdf; path = "paypaking - booking-v1.pdf"; sourceTree = "<group>"; };
		904AEC301C0C82B000C23945 /* Specifications EDIT.pdf */ = {isa = PBXFileReference; lastKnownFileType = image.pdf; path = "Specifications EDIT.pdf"; sourceTree = "<group>"; };
		904AEC351C0C892E00C23945 /* 5. Annotations.pdf */ = {isa = PBXFileReference; lastKnownFileType = image.pdf; path = "5. Annotations.pdf"; sourceTree = "<group>"; };
		904AEC381C0C932E00C23945 /* FileIconCell.swift */ = {isa = PBXFileReference; fileEncoding = 4; lastKnownFileType = sourcecode.swift; name = FileIconCell.swift; path = Classes/Views/FileIconCell.swift; sourceTree = "<group>"; };
		90A3802C1C0C2FC300959AEF /* PDFReaderTut.app */ = {isa = PBXFileReference; explicitFileType = wrapper.application; includeInIndex = 0; path = PDFReaderTut.app; sourceTree = BUILT_PRODUCTS_DIR; };
		90A380341C0C2FC400959AEF /* Base */ = {isa = PBXFileReference; lastKnownFileType = file.storyboard; name = Base; path = Base.lproj/Main.storyboard; sourceTree = "<group>"; };
		90A380361C0C2FC400959AEF /* Assets.xcassets */ = {isa = PBXFileReference; lastKnownFileType = folder.assetcatalog; path = Assets.xcassets; sourceTree = "<group>"; };
		90A380391C0C2FC400959AEF /* Base */ = {isa = PBXFileReference; lastKnownFileType = file.storyboard; name = Base; path = Base.lproj/LaunchScreen.storyboard; sourceTree = "<group>"; };
		90A3803B1C0C2FC400959AEF /* Info.plist */ = {isa = PBXFileReference; lastKnownFileType = text.plist.xml; path = Info.plist; sourceTree = "<group>"; };
		90A380401C0C2FC400959AEF /* PDFReaderTutTests.xctest */ = {isa = PBXFileReference; explicitFileType = wrapper.cfbundle; includeInIndex = 0; path = PDFReaderTutTests.xctest; sourceTree = BUILT_PRODUCTS_DIR; };
		90A380441C0C2FC400959AEF /* PDFReaderTutTests.swift */ = {isa = PBXFileReference; lastKnownFileType = sourcecode.swift; path = PDFReaderTutTests.swift; sourceTree = "<group>"; };
		90A380461C0C2FC400959AEF /* Info.plist */ = {isa = PBXFileReference; lastKnownFileType = text.plist.xml; path = Info.plist; sourceTree = "<group>"; };
		90A3804B1C0C2FC400959AEF /* PDFReaderTutUITests.xctest */ = {isa = PBXFileReference; explicitFileType = wrapper.cfbundle; includeInIndex = 0; path = PDFReaderTutUITests.xctest; sourceTree = BUILT_PRODUCTS_DIR; };
		90A3804F1C0C2FC400959AEF /* PDFReaderTutUITests.swift */ = {isa = PBXFileReference; lastKnownFileType = sourcecode.swift; path = PDFReaderTutUITests.swift; sourceTree = "<group>"; };
		90A380511C0C2FC400959AEF /* Info.plist */ = {isa = PBXFileReference; lastKnownFileType = text.plist.xml; path = Info.plist; sourceTree = "<group>"; };
		90A3805F1C0C30BF00959AEF /* ReaderPDFViewController.swift */ = {isa = PBXFileReference; fileEncoding = 4; lastKnownFileType = sourcecode.swift; name = ReaderPDFViewController.swift; path = Classes/ViewControllers/ReaderPDFViewController.swift; sourceTree = "<group>"; };
		90A380621C0C318600959AEF /* AppDelegate.swift */ = {isa = PBXFileReference; fileEncoding = 4; lastKnownFileType = sourcecode.swift; name = AppDelegate.swift; path = Classes/AppDelegate.swift; sourceTree = "<group>"; };
		90A380661C0C576500959AEF /* PDFReaderTut-Bridging-Header.h */ = {isa = PBXFileReference; lastKnownFileType = sourcecode.c.h; path = "PDFReaderTut-Bridging-Header.h"; sourceTree = "<group>"; };
		90A380671C0C576600959AEF /* CGPDFDocument.h */ = {isa = PBXFileReference; fileEncoding = 4; lastKnownFileType = sourcecode.c.h; name = CGPDFDocument.h; path = "Classes/Externals/PDF-reader/CGPDFDocument.h"; sourceTree = "<group>"; };
		90A380681C0C576600959AEF /* CGPDFDocument.m */ = {isa = PBXFileReference; fileEncoding = 4; lastKnownFileType = sourcecode.c.objc; name = CGPDFDocument.m; path = "Classes/Externals/PDF-reader/CGPDFDocument.m"; sourceTree = "<group>"; };
		90A380691C0C576600959AEF /* ReaderConstants.h */ = {isa = PBXFileReference; fileEncoding = 4; lastKnownFileType = sourcecode.c.h; name = ReaderConstants.h; path = "Classes/Externals/PDF-reader/ReaderConstants.h"; sourceTree = "<group>"; };
		90A3806A1C0C576600959AEF /* ReaderConstants.m */ = {isa = PBXFileReference; fileEncoding = 4; lastKnownFileType = sourcecode.c.objc; name = ReaderConstants.m; path = "Classes/Externals/PDF-reader/ReaderConstants.m"; sourceTree = "<group>"; };
		90A3806B1C0C576600959AEF /* ReaderContentPage.h */ = {isa = PBXFileReference; fileEncoding = 4; lastKnownFileType = sourcecode.c.h; name = ReaderContentPage.h; path = "Classes/Externals/PDF-reader/ReaderContentPage.h"; sourceTree = "<group>"; };
		90A3806C1C0C576600959AEF /* ReaderContentPage.m */ = {isa = PBXFileReference; fileEncoding = 4; lastKnownFileType = sourcecode.c.objc; name = ReaderContentPage.m; path = "Classes/Externals/PDF-reader/ReaderContentPage.m"; sourceTree = "<group>"; };
		90A3806D1C0C576600959AEF /* ReaderContentTile.h */ = {isa = PBXFileReference; fileEncoding = 4; lastKnownFileType = sourcecode.c.h; name = ReaderContentTile.h; path = "Classes/Externals/PDF-reader/ReaderContentTile.h"; sourceTree = "<group>"; };
		90A3806E1C0C576600959AEF /* ReaderContentTile.m */ = {isa = PBXFileReference; fileEncoding = 4; lastKnownFileType = sourcecode.c.objc; name = ReaderContentTile.m; path = "Classes/Externals/PDF-reader/ReaderContentTile.m"; sourceTree = "<group>"; };
		90A3806F1C0C576600959AEF /* ReaderContentView.h */ = {isa = PBXFileReference; fileEncoding = 4; lastKnownFileType = sourcecode.c.h; name = ReaderContentView.h; path = "Classes/Externals/PDF-reader/ReaderContentView.h"; sourceTree = "<group>"; };
		90A380701C0C576600959AEF /* ReaderContentView.m */ = {isa = PBXFileReference; fileEncoding = 4; lastKnownFileType = sourcecode.c.objc; name = ReaderContentView.m; path = "Classes/Externals/PDF-reader/ReaderContentView.m"; sourceTree = "<group>"; };
		90A380711C0C576600959AEF /* ReaderDocument.h */ = {isa = PBXFileReference; fileEncoding = 4; lastKnownFileType = sourcecode.c.h; name = ReaderDocument.h; path = "Classes/Externals/PDF-reader/ReaderDocument.h"; sourceTree = "<group>"; };
		90A380721C0C576600959AEF /* ReaderDocument.m */ = {isa = PBXFileReference; fileEncoding = 4; lastKnownFileType = sourcecode.c.objc; name = ReaderDocument.m; path = "Classes/Externals/PDF-reader/ReaderDocument.m"; sourceTree = "<group>"; };
		90A380731C0C576600959AEF /* ReaderDocumentOutline.h */ = {isa = PBXFileReference; fileEncoding = 4; lastKnownFileType = sourcecode.c.h; name = ReaderDocumentOutline.h; path = "Classes/Externals/PDF-reader/ReaderDocumentOutline.h"; sourceTree = "<group>"; };
		90A380741C0C576600959AEF /* ReaderDocumentOutline.m */ = {isa = PBXFileReference; fileEncoding = 4; lastKnownFileType = sourcecode.c.objc; name = ReaderDocumentOutline.m; path = "Classes/Externals/PDF-reader/ReaderDocumentOutline.m"; sourceTree = "<group>"; };
		90A380751C0C576600959AEF /* ReaderMainPagebar.h */ = {isa = PBXFileReference; fileEncoding = 4; lastKnownFileType = sourcecode.c.h; name = ReaderMainPagebar.h; path = "Classes/Externals/PDF-reader/ReaderMainPagebar.h"; sourceTree = "<group>"; };
		90A380761C0C576600959AEF /* ReaderMainPagebar.m */ = {isa = PBXFileReference; fileEncoding = 4; lastKnownFileType = sourcecode.c.objc; name = ReaderMainPagebar.m; path = "Classes/Externals/PDF-reader/ReaderMainPagebar.m"; sourceTree = "<group>"; };
		90A380771C0C576600959AEF /* ReaderMainToolbar.h */ = {isa = PBXFileReference; fileEncoding = 4; lastKnownFileType = sourcecode.c.h; name = ReaderMainToolbar.h; path = "Classes/Externals/PDF-reader/ReaderMainToolbar.h"; sourceTree = "<group>"; };
		90A380781C0C576600959AEF /* ReaderMainToolbar.m */ = {isa = PBXFileReference; fileEncoding = 4; lastKnownFileType = sourcecode.c.objc; name = ReaderMainToolbar.m; path = "Classes/Externals/PDF-reader/ReaderMainToolbar.m"; sourceTree = "<group>"; };
		90A380791C0C576600959AEF /* ReaderThumbCache.h */ = {isa = PBXFileReference; fileEncoding = 4; lastKnownFileType = sourcecode.c.h; name = ReaderThumbCache.h; path = "Classes/Externals/PDF-reader/ReaderThumbCache.h"; sourceTree = "<group>"; };
		90A3807A1C0C576600959AEF /* ReaderThumbCache.m */ = {isa = PBXFileReference; fileEncoding = 4; lastKnownFileType = sourcecode.c.objc; name = ReaderThumbCache.m; path = "Classes/Externals/PDF-reader/ReaderThumbCache.m"; sourceTree = "<group>"; };
		90A3807B1C0C576600959AEF /* ReaderThumbFetch.h */ = {isa = PBXFileReference; fileEncoding = 4; lastKnownFileType = sourcecode.c.h; name = ReaderThumbFetch.h; path = "Classes/Externals/PDF-reader/ReaderThumbFetch.h"; sourceTree = "<group>"; };
		90A3807C1C0C576600959AEF /* ReaderThumbFetch.m */ = {isa = PBXFileReference; fileEncoding = 4; lastKnownFileType = sourcecode.c.objc; name = ReaderThumbFetch.m; path = "Classes/Externals/PDF-reader/ReaderThumbFetch.m"; sourceTree = "<group>"; };
		90A3807D1C0C576600959AEF /* ReaderThumbQueue.h */ = {isa = PBXFileReference; fileEncoding = 4; lastKnownFileType = sourcecode.c.h; name = ReaderThumbQueue.h; path = "Classes/Externals/PDF-reader/ReaderThumbQueue.h"; sourceTree = "<group>"; };
		90A3807E1C0C576600959AEF /* ReaderThumbQueue.m */ = {isa = PBXFileReference; fileEncoding = 4; lastKnownFileType = sourcecode.c.objc; name = ReaderThumbQueue.m; path = "Classes/Externals/PDF-reader/ReaderThumbQueue.m"; sourceTree = "<group>"; };
		90A3807F1C0C576600959AEF /* ReaderThumbRender.h */ = {isa = PBXFileReference; fileEncoding = 4; lastKnownFileType = sourcecode.c.h; name = ReaderThumbRender.h; path = "Classes/Externals/PDF-reader/ReaderThumbRender.h"; sourceTree = "<group>"; };
		90A380801C0C576600959AEF /* ReaderThumbRender.m */ = {isa = PBXFileReference; fileEncoding = 4; lastKnownFileType = sourcecode.c.objc; name = ReaderThumbRender.m; path = "Classes/Externals/PDF-reader/ReaderThumbRender.m"; sourceTree = "<group>"; };
		90A380811C0C576600959AEF /* ReaderThumbRequest.h */ = {isa = PBXFileReference; fileEncoding = 4; lastKnownFileType = sourcecode.c.h; name = ReaderThumbRequest.h; path = "Classes/Externals/PDF-reader/ReaderThumbRequest.h"; sourceTree = "<group>"; };
		90A380821C0C576600959AEF /* ReaderThumbRequest.m */ = {isa = PBXFileReference; fileEncoding = 4; lastKnownFileType = sourcecode.c.objc; name = ReaderThumbRequest.m; path = "Classes/Externals/PDF-reader/ReaderThumbRequest.m"; sourceTree = "<group>"; };
		90A380831C0C576600959AEF /* ReaderThumbsView.h */ = {isa = PBXFileReference; fileEncoding = 4; lastKnownFileType = sourcecode.c.h; name = ReaderThumbsView.h; path = "Classes/Externals/PDF-reader/ReaderThumbsView.h"; sourceTree = "<group>"; };
		90A380841C0C576600959AEF /* ReaderThumbsView.m */ = {isa = PBXFileReference; fileEncoding = 4; lastKnownFileType = sourcecode.c.objc; name = ReaderThumbsView.m; path = "Classes/Externals/PDF-reader/ReaderThumbsView.m"; sourceTree = "<group>"; };
		90A380851C0C576600959AEF /* ReaderThumbView.h */ = {isa = PBXFileReference; fileEncoding = 4; lastKnownFileType = sourcecode.c.h; name = ReaderThumbView.h; path = "Classes/Externals/PDF-reader/ReaderThumbView.h"; sourceTree = "<group>"; };
		90A380861C0C576600959AEF /* ReaderThumbView.m */ = {isa = PBXFileReference; fileEncoding = 4; lastKnownFileType = sourcecode.c.objc; name = ReaderThumbView.m; path = "Classes/Externals/PDF-reader/ReaderThumbView.m"; sourceTree = "<group>"; };
		90A380871C0C576600959AEF /* ReaderViewController.h */ = {isa = PBXFileReference; fileEncoding = 4; lastKnownFileType = sourcecode.c.h; name = ReaderViewController.h; path = "Classes/Externals/PDF-reader/ReaderViewController.h"; sourceTree = "<group>"; };
		90A380881C0C576600959AEF /* ReaderViewController.m */ = {isa = PBXFileReference; fileEncoding = 4; lastKnownFileType = sourcecode.c.objc; name = ReaderViewController.m; path = "Classes/Externals/PDF-reader/ReaderViewController.m"; sourceTree = "<group>"; };
		90A380891C0C576600959AEF /* ThumbsMainToolbar.h */ = {isa = PBXFileReference; fileEncoding = 4; lastKnownFileType = sourcecode.c.h; name = ThumbsMainToolbar.h; path = "Classes/Externals/PDF-reader/ThumbsMainToolbar.h"; sourceTree = "<group>"; };
		90A3808A1C0C576600959AEF /* ThumbsMainToolbar.m */ = {isa = PBXFileReference; fileEncoding = 4; lastKnownFileType = sourcecode.c.objc; name = ThumbsMainToolbar.m; path = "Classes/Externals/PDF-reader/ThumbsMainToolbar.m"; sourceTree = "<group>"; };
		90A3808B1C0C576600959AEF /* ThumbsViewController.h */ = {isa = PBXFileReference; fileEncoding = 4; lastKnownFileType = sourcecode.c.h; name = ThumbsViewController.h; path = "Classes/Externals/PDF-reader/ThumbsViewController.h"; sourceTree = "<group>"; };
		90A3808C1C0C576600959AEF /* ThumbsViewController.m */ = {isa = PBXFileReference; fileEncoding = 4; lastKnownFileType = sourcecode.c.objc; name = ThumbsViewController.m; path = "Classes/Externals/PDF-reader/ThumbsViewController.m"; sourceTree = "<group>"; };
		90A3808D1C0C576600959AEF /* UIXToolbarView.h */ = {isa = PBXFileReference; fileEncoding = 4; lastKnownFileType = sourcecode.c.h; name = UIXToolbarView.h; path = "Classes/Externals/PDF-reader/UIXToolbarView.h"; sourceTree = "<group>"; };
		90A3808E1C0C576600959AEF /* UIXToolbarView.m */ = {isa = PBXFileReference; fileEncoding = 4; lastKnownFileType = sourcecode.c.objc; name = UIXToolbarView.m; path = "Classes/Externals/PDF-reader/UIXToolbarView.m"; sourceTree = "<group>"; };
		90CAEE441C0DD53F00AA7693 /* DetailViewController.swift */ = {isa = PBXFileReference; fileEncoding = 4; lastKnownFileType = sourcecode.swift; name = DetailViewController.swift; path = Classes/ViewControllers/DetailViewController.swift; sourceTree = "<group>"; };
/* End PBXFileReference section */

/* Begin PBXFrameworksBuildPhase section */
		90A380291C0C2FC300959AEF /* Frameworks */ = {
			isa = PBXFrameworksBuildPhase;
			buildActionMask = 2147483647;
			files = (
				904AEC2D1C0C805C00C23945 /* MessageUI.framework in Frameworks */,
				904AEC2B1C0C804900C23945 /* ImageIO.framework in Frameworks */,
				904AEC291C0C803B00C23945 /* QuartzCore.framework in Frameworks */,
				904AEC271C0C802D00C23945 /* CoreGraphics.framework in Frameworks */,
				904AEC251C0C802000C23945 /* Foundation.framework in Frameworks */,
				904AEC231C0C801500C23945 /* UIKit.framework in Frameworks */,
			);
			runOnlyForDeploymentPostprocessing = 0;
		};
		90A3803D1C0C2FC400959AEF /* Frameworks */ = {
			isa = PBXFrameworksBuildPhase;
			buildActionMask = 2147483647;
			files = (
			);
			runOnlyForDeploymentPostprocessing = 0;
		};
		90A380481C0C2FC400959AEF /* Frameworks */ = {
			isa = PBXFrameworksBuildPhase;
			buildActionMask = 2147483647;
			files = (
			);
			runOnlyForDeploymentPostprocessing = 0;
		};
/* End PBXFrameworksBuildPhase section */

/* Begin PBXGroup section */
		904AEC2E1C0C806700C23945 /* Frameworks */ = {
			isa = PBXGroup;
			children = (
				904AEC2C1C0C805C00C23945 /* MessageUI.framework */,
				904AEC2A1C0C804900C23945 /* ImageIO.framework */,
				904AEC281C0C803B00C23945 /* QuartzCore.framework */,
				904AEC261C0C802D00C23945 /* CoreGraphics.framework */,
				904AEC241C0C801F00C23945 /* Foundation.framework */,
				904AEC221C0C801500C23945 /* UIKit.framework */,
			);
			name = Frameworks;
			path = ..;
			sourceTree = "<group>";
		};
		904AEC331C0C88EF00C23945 /* PDFs */ = {
			isa = PBXGroup;
			children = (
				904AEC2F1C0C82B000C23945 /* paypaking - booking-v1.pdf */,
				904AEC301C0C82B000C23945 /* Specifications EDIT.pdf */,
				904AEC351C0C892E00C23945 /* 5. Annotations.pdf */,
			);
			name = PDFs;
			sourceTree = "<group>";
		};
		904AEC371C0C92F300C23945 /* Views */ = {
			isa = PBXGroup;
			children = (
				904AEC381C0C932E00C23945 /* FileIconCell.swift */,
			);
			name = Views;
			sourceTree = "<group>";
		};
		90A380231C0C2FC300959AEF = {
			isa = PBXGroup;
			children = (
				90A3802E1C0C2FC300959AEF /* PDFReaderTut */,
				90A380431C0C2FC400959AEF /* PDFReaderTutTests */,
				90A3804E1C0C2FC400959AEF /* PDFReaderTutUITests */,
				90A3802D1C0C2FC300959AEF /* Products */,
			);
			sourceTree = "<group>";
		};
		90A3802D1C0C2FC300959AEF /* Products */ = {
			isa = PBXGroup;
			children = (
				90A3802C1C0C2FC300959AEF /* PDFReaderTut.app */,
				90A380401C0C2FC400959AEF /* PDFReaderTutTests.xctest */,
				90A3804B1C0C2FC400959AEF /* PDFReaderTutUITests.xctest */,
			);
			name = Products;
			sourceTree = "<group>";
		};
		90A3802E1C0C2FC300959AEF /* PDFReaderTut */ = {
			isa = PBXGroup;
			children = (
				90A3805D1C0C2FD100959AEF /* Classes */,
				90A3805E1C0C2FDB00959AEF /* Resources */,
				904AEC2E1C0C806700C23945 /* Frameworks */,
			);
			path = PDFReaderTut;
			sourceTree = "<group>";
		};
		90A380431C0C2FC400959AEF /* PDFReaderTutTests */ = {
			isa = PBXGroup;
			children = (
				90A380441C0C2FC400959AEF /* PDFReaderTutTests.swift */,
				90A380461C0C2FC400959AEF /* Info.plist */,
			);
			path = PDFReaderTutTests;
			sourceTree = "<group>";
		};
		90A3804E1C0C2FC400959AEF /* PDFReaderTutUITests */ = {
			isa = PBXGroup;
			children = (
				90A3804F1C0C2FC400959AEF /* PDFReaderTutUITests.swift */,
				90A380511C0C2FC400959AEF /* Info.plist */,
			);
			path = PDFReaderTutUITests;
			sourceTree = "<group>";
		};
		90A3805D1C0C2FD100959AEF /* Classes */ = {
			isa = PBXGroup;
			children = (
				90A380621C0C318600959AEF /* AppDelegate.swift */,
				90A380661C0C576500959AEF /* PDFReaderTut-Bridging-Header.h */,
				90A380641C0C573300959AEF /* Externals */,
				904AEC371C0C92F300C23945 /* Views */,
				90A380611C0C310900959AEF /* ViewControllers */,
			);
			name = Classes;
			sourceTree = "<group>";
		};
		90A3805E1C0C2FDB00959AEF /* Resources */ = {
			isa = PBXGroup;
			children = (
				90A380331C0C2FC400959AEF /* Main.storyboard */,
				90A380361C0C2FC400959AEF /* Assets.xcassets */,
				90A380381C0C2FC400959AEF /* LaunchScreen.storyboard */,
				90A3803B1C0C2FC400959AEF /* Info.plist */,
				904AEC331C0C88EF00C23945 /* PDFs */,
			);
			name = Resources;
			sourceTree = "<group>";
		};
		90A380611C0C310900959AEF /* ViewControllers */ = {
			isa = PBXGroup;
			children = (
				90A3805F1C0C30BF00959AEF /* ReaderPDFViewController.swift */,
				90CAEE441C0DD53F00AA7693 /* DetailViewController.swift */,
			);
			name = ViewControllers;
			sourceTree = "<group>";
		};
		90A380641C0C573300959AEF /* Externals */ = {
			isa = PBXGroup;
			children = (
				90A380651C0C574200959AEF /* PDF-reader */,
			);
			name = Externals;
			sourceTree = "<group>";
		};
		90A380651C0C574200959AEF /* PDF-reader */ = {
			isa = PBXGroup;
			children = (
				90A380671C0C576600959AEF /* CGPDFDocument.h */,
				90A380681C0C576600959AEF /* CGPDFDocument.m */,
				90A380691C0C576600959AEF /* ReaderConstants.h */,
				90A3806A1C0C576600959AEF /* ReaderConstants.m */,
				90A3806B1C0C576600959AEF /* ReaderContentPage.h */,
				90A3806C1C0C576600959AEF /* ReaderContentPage.m */,
				90A3806D1C0C576600959AEF /* ReaderContentTile.h */,
				90A3806E1C0C576600959AEF /* ReaderContentTile.m */,
				90A3806F1C0C576600959AEF /* ReaderContentView.h */,
				90A380701C0C576600959AEF /* ReaderContentView.m */,
				90A380711C0C576600959AEF /* ReaderDocument.h */,
				90A380721C0C576600959AEF /* ReaderDocument.m */,
				90A380731C0C576600959AEF /* ReaderDocumentOutline.h */,
				90A380741C0C576600959AEF /* ReaderDocumentOutline.m */,
				90A380751C0C576600959AEF /* ReaderMainPagebar.h */,
				90A380761C0C576600959AEF /* ReaderMainPagebar.m */,
				90A380771C0C576600959AEF /* ReaderMainToolbar.h */,
				90A380781C0C576600959AEF /* ReaderMainToolbar.m */,
				90A380791C0C576600959AEF /* ReaderThumbCache.h */,
				90A3807A1C0C576600959AEF /* ReaderThumbCache.m */,
				90A3807B1C0C576600959AEF /* ReaderThumbFetch.h */,
				90A3807C1C0C576600959AEF /* ReaderThumbFetch.m */,
				90A3807D1C0C576600959AEF /* ReaderThumbQueue.h */,
				90A3807E1C0C576600959AEF /* ReaderThumbQueue.m */,
				90A3807F1C0C576600959AEF /* ReaderThumbRender.h */,
				90A380801C0C576600959AEF /* ReaderThumbRender.m */,
				90A380811C0C576600959AEF /* ReaderThumbRequest.h */,
				90A380821C0C576600959AEF /* ReaderThumbRequest.m */,
				90A380831C0C576600959AEF /* ReaderThumbsView.h */,
				90A380841C0C576600959AEF /* ReaderThumbsView.m */,
				90A380851C0C576600959AEF /* ReaderThumbView.h */,
				90A380861C0C576600959AEF /* ReaderThumbView.m */,
				90A380871C0C576600959AEF /* ReaderViewController.h */,
				90A380881C0C576600959AEF /* ReaderViewController.m */,
				90A380891C0C576600959AEF /* ThumbsMainToolbar.h */,
				90A3808A1C0C576600959AEF /* ThumbsMainToolbar.m */,
				90A3808B1C0C576600959AEF /* ThumbsViewController.h */,
				90A3808C1C0C576600959AEF /* ThumbsViewController.m */,
				90A3808D1C0C576600959AEF /* UIXToolbarView.h */,
				90A3808E1C0C576600959AEF /* UIXToolbarView.m */,
			);
			name = "PDF-reader";
			sourceTree = "<group>";
		};
/* End PBXGroup section */

/* Begin PBXNativeTarget section */
		90A3802B1C0C2FC300959AEF /* PDFReaderTut */ = {
			isa = PBXNativeTarget;
			buildConfigurationList = 90A380541C0C2FC400959AEF /* Build configuration list for PBXNativeTarget "PDFReaderTut" */;
			buildPhases = (
				90A380281C0C2FC300959AEF /* Sources */,
				90A380291C0C2FC300959AEF /* Frameworks */,
				90A3802A1C0C2FC300959AEF /* Resources */,
			);
			buildRules = (
			);
			dependencies = (
			);
			name = PDFReaderTut;
			productName = PDFReaderTut;
			productReference = 90A3802C1C0C2FC300959AEF /* PDFReaderTut.app */;
			productType = "com.apple.product-type.application";
		};
		90A3803F1C0C2FC400959AEF /* PDFReaderTutTests */ = {
			isa = PBXNativeTarget;
			buildConfigurationList = 90A380571C0C2FC400959AEF /* Build configuration list for PBXNativeTarget "PDFReaderTutTests" */;
			buildPhases = (
				90A3803C1C0C2FC400959AEF /* Sources */,
				90A3803D1C0C2FC400959AEF /* Frameworks */,
				90A3803E1C0C2FC400959AEF /* Resources */,
			);
			buildRules = (
			);
			dependencies = (
				90A380421C0C2FC400959AEF /* PBXTargetDependency */,
			);
			name = PDFReaderTutTests;
			productName = PDFReaderTutTests;
			productReference = 90A380401C0C2FC400959AEF /* PDFReaderTutTests.xctest */;
			productType = "com.apple.product-type.bundle.unit-test";
		};
		90A3804A1C0C2FC400959AEF /* PDFReaderTutUITests */ = {
			isa = PBXNativeTarget;
			buildConfigurationList = 90A3805A1C0C2FC400959AEF /* Build configuration list for PBXNativeTarget "PDFReaderTutUITests" */;
			buildPhases = (
				90A380471C0C2FC400959AEF /* Sources */,
				90A380481C0C2FC400959AEF /* Frameworks */,
				90A380491C0C2FC400959AEF /* Resources */,
			);
			buildRules = (
			);
			dependencies = (
				90A3804D1C0C2FC400959AEF /* PBXTargetDependency */,
			);
			name = PDFReaderTutUITests;
			productName = PDFReaderTutUITests;
			productReference = 90A3804B1C0C2FC400959AEF /* PDFReaderTutUITests.xctest */;
			productType = "com.apple.product-type.bundle.ui-testing";
		};
/* End PBXNativeTarget section */

/* Begin PBXProject section */
		90A380241C0C2FC300959AEF /* Project object */ = {
			isa = PBXProject;
			attributes = {
				LastSwiftUpdateCheck = 0710;
				LastUpgradeCheck = 0710;
				ORGANIZATIONNAME = "Roman Rybachenko";
				TargetAttributes = {
					90A3802B1C0C2FC300959AEF = {
						CreatedOnToolsVersion = 7.1.1;
					};
					90A3803F1C0C2FC400959AEF = {
						CreatedOnToolsVersion = 7.1.1;
						TestTargetID = 90A3802B1C0C2FC300959AEF;
					};
					90A3804A1C0C2FC400959AEF = {
						CreatedOnToolsVersion = 7.1.1;
						TestTargetID = 90A3802B1C0C2FC300959AEF;
					};
				};
			};
			buildConfigurationList = 90A380271C0C2FC300959AEF /* Build configuration list for PBXProject "PDFReaderTut" */;
			compatibilityVersion = "Xcode 3.2";
			developmentRegion = English;
			hasScannedForEncodings = 0;
			knownRegions = (
				en,
				Base,
			);
			mainGroup = 90A380231C0C2FC300959AEF;
			productRefGroup = 90A3802D1C0C2FC300959AEF /* Products */;
			projectDirPath = "";
			projectRoot = "";
			targets = (
				90A3802B1C0C2FC300959AEF /* PDFReaderTut */,
				90A3803F1C0C2FC400959AEF /* PDFReaderTutTests */,
				90A3804A1C0C2FC400959AEF /* PDFReaderTutUITests */,
			);
		};
/* End PBXProject section */

/* Begin PBXResourcesBuildPhase section */
		90A3802A1C0C2FC300959AEF /* Resources */ = {
			isa = PBXResourcesBuildPhase;
			buildActionMask = 2147483647;
			files = (
				904AEC311C0C82B000C23945 /* paypaking - booking-v1.pdf in Resources */,
				90A3803A1C0C2FC400959AEF /* LaunchScreen.storyboard in Resources */,
				904AEC321C0C82B000C23945 /* Specifications EDIT.pdf in Resources */,
				90A380371C0C2FC400959AEF /* Assets.xcassets in Resources */,
				90A380351C0C2FC400959AEF /* Main.storyboard in Resources */,
				904AEC361C0C892E00C23945 /* 5. Annotations.pdf in Resources */,
			);
			runOnlyForDeploymentPostprocessing = 0;
		};
		90A3803E1C0C2FC400959AEF /* Resources */ = {
			isa = PBXResourcesBuildPhase;
			buildActionMask = 2147483647;
			files = (
			);
			runOnlyForDeploymentPostprocessing = 0;
		};
		90A380491C0C2FC400959AEF /* Resources */ = {
			isa = PBXResourcesBuildPhase;
			buildActionMask = 2147483647;
			files = (
			);
			runOnlyForDeploymentPostprocessing = 0;
		};
/* End PBXResourcesBuildPhase section */

/* Begin PBXSourcesBuildPhase section */
		90A380281C0C2FC300959AEF /* Sources */ = {
			isa = PBXSourcesBuildPhase;
			buildActionMask = 2147483647;
			files = (
				90A3809D1C0C576600959AEF /* ReaderThumbsView.m in Sources */,
				90A380A01C0C576600959AEF /* ThumbsMainToolbar.m in Sources */,
				90A380981C0C576600959AEF /* ReaderThumbCache.m in Sources */,
				90A3809E1C0C576600959AEF /* ReaderThumbView.m in Sources */,
				90A380921C0C576600959AEF /* ReaderContentTile.m in Sources */,
				90A380911C0C576600959AEF /* ReaderContentPage.m in Sources */,
				90A380901C0C576600959AEF /* ReaderConstants.m in Sources */,
				90A380951C0C576600959AEF /* ReaderDocumentOutline.m in Sources */,
				90A380961C0C576600959AEF /* ReaderMainPagebar.m in Sources */,
				904AEC391C0C932E00C23945 /* FileIconCell.swift in Sources */,
				90A380991C0C576600959AEF /* ReaderThumbFetch.m in Sources */,
				90A3809B1C0C576600959AEF /* ReaderThumbRender.m in Sources */,
				90A380631C0C318600959AEF /* AppDelegate.swift in Sources */,
				90A380931C0C576600959AEF /* ReaderContentView.m in Sources */,
				90A380A21C0C576600959AEF /* UIXToolbarView.m in Sources */,
				90CAEE451C0DD53F00AA7693 /* DetailViewController.swift in Sources */,
				90A3809A1C0C576600959AEF /* ReaderThumbQueue.m in Sources */,
				90A3809F1C0C576600959AEF /* ReaderViewController.m in Sources */,
				90A3809C1C0C576600959AEF /* ReaderThumbRequest.m in Sources */,
				90A380941C0C576600959AEF /* ReaderDocument.m in Sources */,
				90A380601C0C30BF00959AEF /* ReaderPDFViewController.swift in Sources */,
				90A3808F1C0C576600959AEF /* CGPDFDocument.m in Sources */,
				90A380971C0C576600959AEF /* ReaderMainToolbar.m in Sources */,
				90A380A11C0C576600959AEF /* ThumbsViewController.m in Sources */,
			);
			runOnlyForDeploymentPostprocessing = 0;
		};
		90A3803C1C0C2FC400959AEF /* Sources */ = {
			isa = PBXSourcesBuildPhase;
			buildActionMask = 2147483647;
			files = (
				90A380451C0C2FC400959AEF /* PDFReaderTutTests.swift in Sources */,
			);
			runOnlyForDeploymentPostprocessing = 0;
		};
		90A380471C0C2FC400959AEF /* Sources */ = {
			isa = PBXSourcesBuildPhase;
			buildActionMask = 2147483647;
			files = (
				90A380501C0C2FC400959AEF /* PDFReaderTutUITests.swift in Sources */,
			);
			runOnlyForDeploymentPostprocessing = 0;
		};
/* End PBXSourcesBuildPhase section */

/* Begin PBXTargetDependency section */
		90A380421C0C2FC400959AEF /* PBXTargetDependency */ = {
			isa = PBXTargetDependency;
			target = 90A3802B1C0C2FC300959AEF /* PDFReaderTut */;
			targetProxy = 90A380411C0C2FC400959AEF /* PBXContainerItemProxy */;
		};
		90A3804D1C0C2FC400959AEF /* PBXTargetDependency */ = {
			isa = PBXTargetDependency;
			target = 90A3802B1C0C2FC300959AEF /* PDFReaderTut */;
			targetProxy = 90A3804C1C0C2FC400959AEF /* PBXContainerItemProxy */;
		};
/* End PBXTargetDependency section */

/* Begin PBXVariantGroup section */
		90A380331C0C2FC400959AEF /* Main.storyboard */ = {
			isa = PBXVariantGroup;
			children = (
				90A380341C0C2FC400959AEF /* Base */,
			);
			name = Main.storyboard;
			sourceTree = "<group>";
		};
		90A380381C0C2FC400959AEF /* LaunchScreen.storyboard */ = {
			isa = PBXVariantGroup;
			children = (
				90A380391C0C2FC400959AEF /* Base */,
			);
			name = LaunchScreen.storyboard;
			sourceTree = "<group>";
		};
/* End PBXVariantGroup section */

/* Begin XCBuildConfiguration section */
		90A380521C0C2FC400959AEF /* Debug */ = {
			isa = XCBuildConfiguration;
			buildSettings = {
				ALWAYS_SEARCH_USER_PATHS = NO;
				CLANG_CXX_LANGUAGE_STANDARD = "gnu++0x";
				CLANG_CXX_LIBRARY = "libc++";
				CLANG_ENABLE_MODULES = YES;
				CLANG_ENABLE_OBJC_ARC = YES;
				CLANG_WARN_BOOL_CONVERSION = YES;
				CLANG_WARN_CONSTANT_CONVERSION = YES;
				CLANG_WARN_DIRECT_OBJC_ISA_USAGE = YES_ERROR;
				CLANG_WARN_EMPTY_BODY = YES;
				CLANG_WARN_ENUM_CONVERSION = YES;
				CLANG_WARN_INT_CONVERSION = YES;
				CLANG_WARN_OBJC_ROOT_CLASS = YES_ERROR;
				CLANG_WARN_UNREACHABLE_CODE = YES;
				CLANG_WARN__DUPLICATE_METHOD_MATCH = YES;
				"CODE_SIGN_IDENTITY[sdk=iphoneos*]" = "iPhone Developer";
				COPY_PHASE_STRIP = NO;
				DEBUG_INFORMATION_FORMAT = dwarf;
				ENABLE_STRICT_OBJC_MSGSEND = YES;
				ENABLE_TESTABILITY = YES;
				GCC_C_LANGUAGE_STANDARD = gnu99;
				GCC_DYNAMIC_NO_PIC = NO;
				GCC_NO_COMMON_BLOCKS = YES;
				GCC_OPTIMIZATION_LEVEL = 0;
				GCC_PREPROCESSOR_DEFINITIONS = (
					"DEBUG=1",
					"$(inherited)",
				);
				GCC_WARN_64_TO_32_BIT_CONVERSION = YES;
				GCC_WARN_ABOUT_RETURN_TYPE = YES_ERROR;
				GCC_WARN_UNDECLARED_SELECTOR = YES;
				GCC_WARN_UNINITIALIZED_AUTOS = YES_AGGRESSIVE;
				GCC_WARN_UNUSED_FUNCTION = YES;
				GCC_WARN_UNUSED_VARIABLE = YES;
				IPHONEOS_DEPLOYMENT_TARGET = 9.1;
				MTL_ENABLE_DEBUG_INFO = YES;
				ONLY_ACTIVE_ARCH = YES;
				SDKROOT = iphoneos;
				SWIFT_OPTIMIZATION_LEVEL = "-Onone";
				TARGETED_DEVICE_FAMILY = 2;
			};
			name = Debug;
		};
		90A380531C0C2FC400959AEF /* Release */ = {
			isa = XCBuildConfiguration;
			buildSettings = {
				ALWAYS_SEARCH_USER_PATHS = NO;
				CLANG_CXX_LANGUAGE_STANDARD = "gnu++0x";
				CLANG_CXX_LIBRARY = "libc++";
				CLANG_ENABLE_MODULES = YES;
				CLANG_ENABLE_OBJC_ARC = YES;
				CLANG_WARN_BOOL_CONVERSION = YES;
				CLANG_WARN_CONSTANT_CONVERSION = YES;
				CLANG_WARN_DIRECT_OBJC_ISA_USAGE = YES_ERROR;
				CLANG_WARN_EMPTY_BODY = YES;
				CLANG_WARN_ENUM_CONVERSION = YES;
				CLANG_WARN_INT_CONVERSION = YES;
				CLANG_WARN_OBJC_ROOT_CLASS = YES_ERROR;
				CLANG_WARN_UNREACHABLE_CODE = YES;
				CLANG_WARN__DUPLICATE_METHOD_MATCH = YES;
				"CODE_SIGN_IDENTITY[sdk=iphoneos*]" = "iPhone Developer";
				COPY_PHASE_STRIP = NO;
				DEBUG_INFORMATION_FORMAT = "dwarf-with-dsym";
				ENABLE_NS_ASSERTIONS = NO;
				ENABLE_STRICT_OBJC_MSGSEND = YES;
				GCC_C_LANGUAGE_STANDARD = gnu99;
				GCC_NO_COMMON_BLOCKS = YES;
				GCC_WARN_64_TO_32_BIT_CONVERSION = YES;
				GCC_WARN_ABOUT_RETURN_TYPE = YES_ERROR;
				GCC_WARN_UNDECLARED_SELECTOR = YES;
				GCC_WARN_UNINITIALIZED_AUTOS = YES_AGGRESSIVE;
				GCC_WARN_UNUSED_FUNCTION = YES;
				GCC_WARN_UNUSED_VARIABLE = YES;
				IPHONEOS_DEPLOYMENT_TARGET = 9.1;
				MTL_ENABLE_DEBUG_INFO = NO;
				SDKROOT = iphoneos;
				TARGETED_DEVICE_FAMILY = 2;
				VALIDATE_PRODUCT = YES;
			};
			name = Release;
		};
		90A380551C0C2FC400959AEF /* Debug */ = {
			isa = XCBuildConfiguration;
			buildSettings = {
				ASSETCATALOG_COMPILER_APPICON_NAME = AppIcon;
				CLANG_ENABLE_MODULES = YES;
				INFOPLIST_FILE = PDFReaderTut/Info.plist;
				LD_RUNPATH_SEARCH_PATHS = "$(inherited) @executable_path/Frameworks";
				PRODUCT_BUNDLE_IDENTIFIER = com.RomahaProduction.PDFReaderTut;
				PRODUCT_NAME = "$(TARGET_NAME)";
				SWIFT_OBJC_BRIDGING_HEADER = "PDFReaderTut/PDFReaderTut-Bridging-Header.h";
				SWIFT_OPTIMIZATION_LEVEL = "-Onone";
			};
			name = Debug;
		};
		90A380561C0C2FC400959AEF /* Release */ = {
			isa = XCBuildConfiguration;
			buildSettings = {
				ASSETCATALOG_COMPILER_APPICON_NAME = AppIcon;
				CLANG_ENABLE_MODULES = YES;
				INFOPLIST_FILE = PDFReaderTut/Info.plist;
				LD_RUNPATH_SEARCH_PATHS = "$(inherited) @executable_path/Frameworks";
				PRODUCT_BUNDLE_IDENTIFIER = com.RomahaProduction.PDFReaderTut;
				PRODUCT_NAME = "$(TARGET_NAME)";
				SWIFT_OBJC_BRIDGING_HEADER = "PDFReaderTut/PDFReaderTut-Bridging-Header.h";
			};
			name = Release;
		};
		90A380581C0C2FC400959AEF /* Debug */ = {
			isa = XCBuildConfiguration;
			buildSettings = {
				BUNDLE_LOADER = "$(TEST_HOST)";
				INFOPLIST_FILE = PDFReaderTutTests/Info.plist;
				LD_RUNPATH_SEARCH_PATHS = "$(inherited) @executable_path/Frameworks @loader_path/Frameworks";
				PRODUCT_BUNDLE_IDENTIFIER = com.RomahaProduction.PDFReaderTutTests;
				PRODUCT_NAME = "$(TARGET_NAME)";
				TEST_HOST = "$(BUILT_PRODUCTS_DIR)/PDFReaderTut.app/PDFReaderTut";
			};
			name = Debug;
		};
		90A380591C0C2FC400959AEF /* Release */ = {
			isa = XCBuildConfiguration;
			buildSettings = {
				BUNDLE_LOADER = "$(TEST_HOST)";
				INFOPLIST_FILE = PDFReaderTutTests/Info.plist;
				LD_RUNPATH_SEARCH_PATHS = "$(inherited) @executable_path/Frameworks @loader_path/Frameworks";
				PRODUCT_BUNDLE_IDENTIFIER = com.RomahaProduction.PDFReaderTutTests;
				PRODUCT_NAME = "$(TARGET_NAME)";
				TEST_HOST = "$(BUILT_PRODUCTS_DIR)/PDFReaderTut.app/PDFReaderTut";
			};
			name = Release;
		};
		90A3805B1C0C2FC400959AEF /* Debug */ = {
			isa = XCBuildConfiguration;
			buildSettings = {
				INFOPLIST_FILE = PDFReaderTutUITests/Info.plist;
				LD_RUNPATH_SEARCH_PATHS = "$(inherited) @executable_path/Frameworks @loader_path/Frameworks";
				PRODUCT_BUNDLE_IDENTIFIER = com.RomahaProduction.PDFReaderTutUITests;
				PRODUCT_NAME = "$(TARGET_NAME)";
				TEST_TARGET_NAME = PDFReaderTut;
				USES_XCTRUNNER = YES;
			};
			name = Debug;
		};
		90A3805C1C0C2FC400959AEF /* Release */ = {
			isa = XCBuildConfiguration;
			buildSettings = {
				INFOPLIST_FILE = PDFReaderTutUITests/Info.plist;
				LD_RUNPATH_SEARCH_PATHS = "$(inherited) @executable_path/Frameworks @loader_path/Frameworks";
				PRODUCT_BUNDLE_IDENTIFIER = com.RomahaProduction.PDFReaderTutUITests;
				PRODUCT_NAME = "$(TARGET_NAME)";
				TEST_TARGET_NAME = PDFReaderTut;
				USES_XCTRUNNER = YES;
			};
			name = Release;
		};
/* End XCBuildConfiguration section */

/* Begin XCConfigurationList section */
		90A380271C0C2FC300959AEF /* Build configuration list for PBXProject "PDFReaderTut" */ = {
			isa = XCConfigurationList;
			buildConfigurations = (
				90A380521C0C2FC400959AEF /* Debug */,
				90A380531C0C2FC400959AEF /* Release */,
			);
			defaultConfigurationIsVisible = 0;
			defaultConfigurationName = Release;
		};
		90A380541C0C2FC400959AEF /* Build configuration list for PBXNativeTarget "PDFReaderTut" */ = {
			isa = XCConfigurationList;
			buildConfigurations = (
				90A380551C0C2FC400959AEF /* Debug */,
				90A380561C0C2FC400959AEF /* Release */,
			);
			defaultConfigurationIsVisible = 0;
			defaultConfigurationName = Release;
		};
		90A380571C0C2FC400959AEF /* Build configuration list for PBXNativeTarget "PDFReaderTutTests" */ = {
			isa = XCConfigurationList;
			buildConfigurations = (
				90A380581C0C2FC400959AEF /* Debug */,
				90A380591C0C2FC400959AEF /* Release */,
			);
			defaultConfigurationIsVisible = 0;
			defaultConfigurationName = Release;
		};
		90A3805A1C0C2FC400959AEF /* Build configuration list for PBXNativeTarget "PDFReaderTutUITests" */ = {
			isa = XCConfigurationList;
			buildConfigurations = (
				90A3805B1C0C2FC400959AEF /* Debug */,
				90A3805C1C0C2FC400959AEF /* Release */,
			);
			defaultConfigurationIsVisible = 0;
			defaultConfigurationName = Release;
		};
/* End XCConfigurationList section */
	};
	rootObject = 90A380241C0C2FC300959AEF /* Project object */;
}
